
Microsoft Visual Studio Solution File, Format Version 12.00
# Visual Studio 14
VisualStudioVersion = 14.0.24720.0
MinimumVisualStudioVersion = 10.0.40219.1
Project("{FAE04EC0-301F-11D3-BF4B-00C04F79EFBC}") = "Vcc.Nolvus.Api.Installer", "Vcc.Nolvus.Api.Library.Installer\Vcc.Nolvus.Api.Installer.csproj", "{1A64A13C-83B5-4B65-9C9B-C579ECBF0588}"
EndProject
Project("{FAE04EC0-301F-11D3-BF4B-00C04F79EFBC}") = "Vcc.Nolvus.Components", "Vcc.Nolvus.Components\Vcc.Nolvus.Components.csproj", "{FAD4E8E7-F69B-42CA-A516-6C247C084F47}"
	ProjectSection(ProjectDependencies) = postProject
		{C0C909F1-C446-43E7-A2D3-7016A7B6E8D5} = {C0C909F1-C446-43E7-A2D3-7016A7B6E8D5}
	EndProjectSection
EndProject
Project("{FAE04EC0-301F-11D3-BF4B-00C04F79EFBC}") = "Vcc.Nolvus.Updater", "Vcc.Nolvus.Updater\Vcc.Nolvus.Updater.csproj", "{F2217D45-10B2-4EC3-8878-1E1541914CDC}"
	ProjectSection(ProjectDependencies) = postProject
		{381E413C-AF71-4A5E-8E62-EB81381FBF66} = {381E413C-AF71-4A5E-8E62-EB81381FBF66}
		{C0C909F1-C446-43E7-A2D3-7016A7B6E8D5} = {C0C909F1-C446-43E7-A2D3-7016A7B6E8D5}
	EndProjectSection
EndProject
Project("{FAE04EC0-301F-11D3-BF4B-00C04F79EFBC}") = "Vcc.Nolvus.NexusApi", "Vcc.Nolvus.NexusApi\Vcc.Nolvus.NexusApi.csproj", "{20FE1A06-C4D4-4C4F-9CA8-281AC604E334}"
EndProject
Project("{FAE04EC0-301F-11D3-BF4B-00C04F79EFBC}") = "Vcc.Nolvus.StockGame", "Vcc.Nolvus.StockGame\Vcc.Nolvus.StockGame.csproj", "{9A168F9F-260B-40E4-AAB5-65B989953714}"
	ProjectSection(ProjectDependencies) = postProject
		{C0C909F1-C446-43E7-A2D3-7016A7B6E8D5} = {C0C909F1-C446-43E7-A2D3-7016A7B6E8D5}
	EndProjectSection
EndProject
Project("{FAE04EC0-301F-11D3-BF4B-00C04F79EFBC}") = "Vcc.Nolvus.Core", "Vcc.Nolvus.Core\Vcc.Nolvus.Core.csproj", "{C0C909F1-C446-43E7-A2D3-7016A7B6E8D5}"
	ProjectSection(ProjectDependencies) = postProject
		{1A64A13C-83B5-4B65-9C9B-C579ECBF0588} = {1A64A13C-83B5-4B65-9C9B-C579ECBF0588}
	EndProjectSection
EndProject
Project("{FAE04EC0-301F-11D3-BF4B-00C04F79EFBC}") = "Vcc.Nolvus.Services", "Vcc.Nolvus.Services\Vcc.Nolvus.Services.csproj", "{381E413C-AF71-4A5E-8E62-EB81381FBF66}"
	ProjectSection(ProjectDependencies) = postProject
		{C0C909F1-C446-43E7-A2D3-7016A7B6E8D5} = {C0C909F1-C446-43E7-A2D3-7016A7B6E8D5}
	EndProjectSection
EndProject
Project("{FAE04EC0-301F-11D3-BF4B-00C04F79EFBC}") = "Vcc.Nolvus.Instance", "Vcc.Nolvus.Instance\Vcc.Nolvus.Instance.csproj", "{694F8457-2810-4713-864C-9A1E9079F349}"
	ProjectSection(ProjectDependencies) = postProject
		{1A64A13C-83B5-4B65-9C9B-C579ECBF0588} = {1A64A13C-83B5-4B65-9C9B-C579ECBF0588}
		{C0C909F1-C446-43E7-A2D3-7016A7B6E8D5} = {C0C909F1-C446-43E7-A2D3-7016A7B6E8D5}
	EndProjectSection
EndProject
Project("{FAE04EC0-301F-11D3-BF4B-00C04F79EFBC}") = "Vcc.Nolvus.Package", "Vcc.Nolvus.Package\Vcc.Nolvus.Package.csproj", "{4BF2D989-724C-421E-8EDB-922B6BB66376}"
	ProjectSection(ProjectDependencies) = postProject
		{20FE1A06-C4D4-4C4F-9CA8-281AC604E334} = {20FE1A06-C4D4-4C4F-9CA8-281AC604E334}
		{1A64A13C-83B5-4B65-9C9B-C579ECBF0588} = {1A64A13C-83B5-4B65-9C9B-C579ECBF0588}
		{9A168F9F-260B-40E4-AAB5-65B989953714} = {9A168F9F-260B-40E4-AAB5-65B989953714}
		{C0C909F1-C446-43E7-A2D3-7016A7B6E8D5} = {C0C909F1-C446-43E7-A2D3-7016A7B6E8D5}
	EndProjectSection
EndProject
Project("{FAE04EC0-301F-11D3-BF4B-00C04F79EFBC}") = "Vcc.Nolvus.Browser", "Vcc.Nolvus.Browser\Vcc.Nolvus.Browser.csproj", "{8CD9E065-B28C-4A1D-B7BB-31BBBE3CC4F4}"
	ProjectSection(ProjectDependencies) = postProject
		{FAD4E8E7-F69B-42CA-A516-6C247C084F47} = {FAD4E8E7-F69B-42CA-A516-6C247C084F47}
		{C0C909F1-C446-43E7-A2D3-7016A7B6E8D5} = {C0C909F1-C446-43E7-A2D3-7016A7B6E8D5}
	EndProjectSection
EndProject
Project("{FAE04EC0-301F-11D3-BF4B-00C04F79EFBC}") = "Vcc.Nolvus.Dashboard", "Vcc.Nolvus.Dashboard\Vcc.Nolvus.Dashboard.csproj", "{ADE0EAA8-EDD1-463B-AAEC-3E410810BE08}"
	ProjectSection(ProjectDependencies) = postProject
		{20FE1A06-C4D4-4C4F-9CA8-281AC604E334} = {20FE1A06-C4D4-4C4F-9CA8-281AC604E334}
		{381E413C-AF71-4A5E-8E62-EB81381FBF66} = {381E413C-AF71-4A5E-8E62-EB81381FBF66}
		{1A64A13C-83B5-4B65-9C9B-C579ECBF0588} = {1A64A13C-83B5-4B65-9C9B-C579ECBF0588}
		{694F8457-2810-4713-864C-9A1E9079F349} = {694F8457-2810-4713-864C-9A1E9079F349}
		{8CD9E065-B28C-4A1D-B7BB-31BBBE3CC4F4} = {8CD9E065-B28C-4A1D-B7BB-31BBBE3CC4F4}
		{4BF2D989-724C-421E-8EDB-922B6BB66376} = {4BF2D989-724C-421E-8EDB-922B6BB66376}
		{9A168F9F-260B-40E4-AAB5-65B989953714} = {9A168F9F-260B-40E4-AAB5-65B989953714}
		{FAD4E8E7-F69B-42CA-A516-6C247C084F47} = {FAD4E8E7-F69B-42CA-A516-6C247C084F47}
		{C0C909F1-C446-43E7-A2D3-7016A7B6E8D5} = {C0C909F1-C446-43E7-A2D3-7016A7B6E8D5}
	EndProjectSection
EndProject
Project("{FAE04EC0-301F-11D3-BF4B-00C04F79EFBC}") = "Vcc.Nolvus.Launcher", "Vcc.Nolvus.Launcher\Vcc.Nolvus.Launcher.csproj", "{5C28AC5E-4521-46CB-99EA-F760B668830C}"
EndProject
Global
	GlobalSection(SolutionConfigurationPlatforms) = preSolution
		Debug|Any CPU = Debug|Any CPU
		Debug|x64 = Debug|x64
		Debug|x86 = Debug|x86
		Release|Any CPU = Release|Any CPU
		Release|x64 = Release|x64
		Release|x86 = Release|x86
	EndGlobalSection
	GlobalSection(ProjectConfigurationPlatforms) = postSolution
		{1A64A13C-83B5-4B65-9C9B-C579ECBF0588}.Debug|Any CPU.ActiveCfg = Debug|Any CPU
		{1A64A13C-83B5-4B65-9C9B-C579ECBF0588}.Debug|Any CPU.Build.0 = Debug|Any CPU
		{1A64A13C-83B5-4B65-9C9B-C579ECBF0588}.Debug|x64.ActiveCfg = Debug|Any CPU
		{1A64A13C-83B5-4B65-9C9B-C579ECBF0588}.Debug|x64.Build.0 = Debug|Any CPU
		{1A64A13C-83B5-4B65-9C9B-C579ECBF0588}.Debug|x86.ActiveCfg = Debug|Any CPU
		{1A64A13C-83B5-4B65-9C9B-C579ECBF0588}.Debug|x86.Build.0 = Debug|Any CPU
		{1A64A13C-83B5-4B65-9C9B-C579ECBF0588}.Release|Any CPU.ActiveCfg = Release|Any CPU
		{1A64A13C-83B5-4B65-9C9B-C579ECBF0588}.Release|Any CPU.Build.0 = Release|Any CPU
		{1A64A13C-83B5-4B65-9C9B-C579ECBF0588}.Release|x64.ActiveCfg = Release|Any CPU
		{1A64A13C-83B5-4B65-9C9B-C579ECBF0588}.Release|x64.Build.0 = Release|Any CPU
		{1A64A13C-83B5-4B65-9C9B-C579ECBF0588}.Release|x86.ActiveCfg = Release|Any CPU
		{1A64A13C-83B5-4B65-9C9B-C579ECBF0588}.Release|x86.Build.0 = Release|Any CPU
		{FAD4E8E7-F69B-42CA-A516-6C247C084F47}.Debug|Any CPU.ActiveCfg = Debug|Any CPU
		{FAD4E8E7-F69B-42CA-A516-6C247C084F47}.Debug|Any CPU.Build.0 = Debug|Any CPU
		{FAD4E8E7-F69B-42CA-A516-6C247C084F47}.Debug|x64.ActiveCfg = Debug|Any CPU
		{FAD4E8E7-F69B-42CA-A516-6C247C084F47}.Debug|x64.Build.0 = Debug|Any CPU
		{FAD4E8E7-F69B-42CA-A516-6C247C084F47}.Debug|x86.ActiveCfg = Debug|Any CPU
		{FAD4E8E7-F69B-42CA-A516-6C247C084F47}.Debug|x86.Build.0 = Debug|Any CPU
		{FAD4E8E7-F69B-42CA-A516-6C247C084F47}.Release|Any CPU.ActiveCfg = Release|Any CPU
		{FAD4E8E7-F69B-42CA-A516-6C247C084F47}.Release|Any CPU.Build.0 = Release|Any CPU
		{FAD4E8E7-F69B-42CA-A516-6C247C084F47}.Release|x64.ActiveCfg = Release|Any CPU
		{FAD4E8E7-F69B-42CA-A516-6C247C084F47}.Release|x64.Build.0 = Release|Any CPU
		{FAD4E8E7-F69B-42CA-A516-6C247C084F47}.Release|x86.ActiveCfg = Release|Any CPU
		{FAD4E8E7-F69B-42CA-A516-6C247C084F47}.Release|x86.Build.0 = Release|Any CPU
		{F2217D45-10B2-4EC3-8878-1E1541914CDC}.Debug|Any CPU.ActiveCfg = Debug|Any CPU
		{F2217D45-10B2-4EC3-8878-1E1541914CDC}.Debug|Any CPU.Build.0 = Debug|Any CPU
		{F2217D45-10B2-4EC3-8878-1E1541914CDC}.Debug|x64.ActiveCfg = Debug|Any CPU
		{F2217D45-10B2-4EC3-8878-1E1541914CDC}.Debug|x64.Build.0 = Debug|Any CPU
		{F2217D45-10B2-4EC3-8878-1E1541914CDC}.Debug|x86.ActiveCfg = Debug|Any CPU
		{F2217D45-10B2-4EC3-8878-1E1541914CDC}.Debug|x86.Build.0 = Debug|Any CPU
		{F2217D45-10B2-4EC3-8878-1E1541914CDC}.Release|Any CPU.ActiveCfg = Release|Any CPU
		{F2217D45-10B2-4EC3-8878-1E1541914CDC}.Release|Any CPU.Build.0 = Release|Any CPU
		{F2217D45-10B2-4EC3-8878-1E1541914CDC}.Release|x64.ActiveCfg = Release|Any CPU
		{F2217D45-10B2-4EC3-8878-1E1541914CDC}.Release|x64.Build.0 = Release|Any CPU
		{F2217D45-10B2-4EC3-8878-1E1541914CDC}.Release|x86.ActiveCfg = Release|Any CPU
		{F2217D45-10B2-4EC3-8878-1E1541914CDC}.Release|x86.Build.0 = Release|Any CPU
		{20FE1A06-C4D4-4C4F-9CA8-281AC604E334}.Debug|Any CPU.ActiveCfg = Debug|Any CPU
		{20FE1A06-C4D4-4C4F-9CA8-281AC604E334}.Debug|Any CPU.Build.0 = Debug|Any CPU
		{20FE1A06-C4D4-4C4F-9CA8-281AC604E334}.Debug|x64.ActiveCfg = Debug|Any CPU
		{20FE1A06-C4D4-4C4F-9CA8-281AC604E334}.Debug|x64.Build.0 = Debug|Any CPU
		{20FE1A06-C4D4-4C4F-9CA8-281AC604E334}.Debug|x86.ActiveCfg = Debug|Any CPU
		{20FE1A06-C4D4-4C4F-9CA8-281AC604E334}.Debug|x86.Build.0 = Debug|Any CPU
		{20FE1A06-C4D4-4C4F-9CA8-281AC604E334}.Release|Any CPU.ActiveCfg = Release|Any CPU
		{20FE1A06-C4D4-4C4F-9CA8-281AC604E334}.Release|Any CPU.Build.0 = Release|Any CPU
		{20FE1A06-C4D4-4C4F-9CA8-281AC604E334}.Release|x64.ActiveCfg = Release|Any CPU
		{20FE1A06-C4D4-4C4F-9CA8-281AC604E334}.Release|x64.Build.0 = Release|Any CPU
		{20FE1A06-C4D4-4C4F-9CA8-281AC604E334}.Release|x86.ActiveCfg = Release|Any CPU
		{20FE1A06-C4D4-4C4F-9CA8-281AC604E334}.Release|x86.Build.0 = Release|Any CPU
		{9A168F9F-260B-40E4-AAB5-65B989953714}.Debug|Any CPU.ActiveCfg = Debug|Any CPU
		{9A168F9F-260B-40E4-AAB5-65B989953714}.Debug|Any CPU.Build.0 = Debug|Any CPU
		{9A168F9F-260B-40E4-AAB5-65B989953714}.Debug|x64.ActiveCfg = Debug|Any CPU
		{9A168F9F-260B-40E4-AAB5-65B989953714}.Debug|x64.Build.0 = Debug|Any CPU
		{9A168F9F-260B-40E4-AAB5-65B989953714}.Debug|x86.ActiveCfg = Debug|Any CPU
		{9A168F9F-260B-40E4-AAB5-65B989953714}.Debug|x86.Build.0 = Debug|Any CPU
		{9A168F9F-260B-40E4-AAB5-65B989953714}.Release|Any CPU.ActiveCfg = Release|Any CPU
		{9A168F9F-260B-40E4-AAB5-65B989953714}.Release|Any CPU.Build.0 = Release|Any CPU
		{9A168F9F-260B-40E4-AAB5-65B989953714}.Release|x64.ActiveCfg = Release|Any CPU
		{9A168F9F-260B-40E4-AAB5-65B989953714}.Release|x64.Build.0 = Release|Any CPU
		{9A168F9F-260B-40E4-AAB5-65B989953714}.Release|x86.ActiveCfg = Release|Any CPU
		{9A168F9F-260B-40E4-AAB5-65B989953714}.Release|x86.Build.0 = Release|Any CPU
		{C0C909F1-C446-43E7-A2D3-7016A7B6E8D5}.Debug|Any CPU.ActiveCfg = Debug|Any CPU
		{C0C909F1-C446-43E7-A2D3-7016A7B6E8D5}.Debug|Any CPU.Build.0 = Debug|Any CPU
		{C0C909F1-C446-43E7-A2D3-7016A7B6E8D5}.Debug|x64.ActiveCfg = Debug|Any CPU
		{C0C909F1-C446-43E7-A2D3-7016A7B6E8D5}.Debug|x64.Build.0 = Debug|Any CPU
		{C0C909F1-C446-43E7-A2D3-7016A7B6E8D5}.Debug|x86.ActiveCfg = Debug|Any CPU
		{C0C909F1-C446-43E7-A2D3-7016A7B6E8D5}.Debug|x86.Build.0 = Debug|Any CPU
		{C0C909F1-C446-43E7-A2D3-7016A7B6E8D5}.Release|Any CPU.ActiveCfg = Release|Any CPU
		{C0C909F1-C446-43E7-A2D3-7016A7B6E8D5}.Release|Any CPU.Build.0 = Release|Any CPU
		{C0C909F1-C446-43E7-A2D3-7016A7B6E8D5}.Release|x64.ActiveCfg = Release|Any CPU
		{C0C909F1-C446-43E7-A2D3-7016A7B6E8D5}.Release|x64.Build.0 = Release|Any CPU
		{C0C909F1-C446-43E7-A2D3-7016A7B6E8D5}.Release|x86.ActiveCfg = Release|Any CPU
		{C0C909F1-C446-43E7-A2D3-7016A7B6E8D5}.Release|x86.Build.0 = Release|Any CPU
		{381E413C-AF71-4A5E-8E62-EB81381FBF66}.Debug|Any CPU.ActiveCfg = Debug|Any CPU
		{381E413C-AF71-4A5E-8E62-EB81381FBF66}.Debug|Any CPU.Build.0 = Debug|Any CPU
		{381E413C-AF71-4A5E-8E62-EB81381FBF66}.Debug|x64.ActiveCfg = Debug|Any CPU
		{381E413C-AF71-4A5E-8E62-EB81381FBF66}.Debug|x64.Build.0 = Debug|Any CPU
		{381E413C-AF71-4A5E-8E62-EB81381FBF66}.Debug|x86.ActiveCfg = Debug|Any CPU
		{381E413C-AF71-4A5E-8E62-EB81381FBF66}.Debug|x86.Build.0 = Debug|Any CPU
		{381E413C-AF71-4A5E-8E62-EB81381FBF66}.Release|Any CPU.ActiveCfg = Release|Any CPU
		{381E413C-AF71-4A5E-8E62-EB81381FBF66}.Release|Any CPU.Build.0 = Release|Any CPU
		{381E413C-AF71-4A5E-8E62-EB81381FBF66}.Release|x64.ActiveCfg = Release|Any CPU
		{381E413C-AF71-4A5E-8E62-EB81381FBF66}.Release|x64.Build.0 = Release|Any CPU
		{381E413C-AF71-4A5E-8E62-EB81381FBF66}.Release|x86.ActiveCfg = Release|Any CPU
		{381E413C-AF71-4A5E-8E62-EB81381FBF66}.Release|x86.Build.0 = Release|Any CPU
		{694F8457-2810-4713-864C-9A1E9079F349}.Debug|Any CPU.ActiveCfg = Debug|Any CPU
		{694F8457-2810-4713-864C-9A1E9079F349}.Debug|Any CPU.Build.0 = Debug|Any CPU
		{694F8457-2810-4713-864C-9A1E9079F349}.Debug|x64.ActiveCfg = Debug|Any CPU
		{694F8457-2810-4713-864C-9A1E9079F349}.Debug|x64.Build.0 = Debug|Any CPU
		{694F8457-2810-4713-864C-9A1E9079F349}.Debug|x86.ActiveCfg = Debug|Any CPU
		{694F8457-2810-4713-864C-9A1E9079F349}.Debug|x86.Build.0 = Debug|Any CPU
		{694F8457-2810-4713-864C-9A1E9079F349}.Release|Any CPU.ActiveCfg = Release|Any CPU
		{694F8457-2810-4713-864C-9A1E9079F349}.Release|Any CPU.Build.0 = Release|Any CPU
		{694F8457-2810-4713-864C-9A1E9079F349}.Release|x64.ActiveCfg = Release|Any CPU
		{694F8457-2810-4713-864C-9A1E9079F349}.Release|x64.Build.0 = Release|Any CPU
		{694F8457-2810-4713-864C-9A1E9079F349}.Release|x86.ActiveCfg = Release|Any CPU
		{694F8457-2810-4713-864C-9A1E9079F349}.Release|x86.Build.0 = Release|Any CPU
		{4BF2D989-724C-421E-8EDB-922B6BB66376}.Debug|Any CPU.ActiveCfg = Debug|Any CPU
		{4BF2D989-724C-421E-8EDB-922B6BB66376}.Debug|Any CPU.Build.0 = Debug|Any CPU
		{4BF2D989-724C-421E-8EDB-922B6BB66376}.Debug|x64.ActiveCfg = Debug|Any CPU
		{4BF2D989-724C-421E-8EDB-922B6BB66376}.Debug|x64.Build.0 = Debug|Any CPU
		{4BF2D989-724C-421E-8EDB-922B6BB66376}.Debug|x86.ActiveCfg = Debug|Any CPU
		{4BF2D989-724C-421E-8EDB-922B6BB66376}.Debug|x86.Build.0 = Debug|Any CPU
		{4BF2D989-724C-421E-8EDB-922B6BB66376}.Release|Any CPU.ActiveCfg = Release|Any CPU
		{4BF2D989-724C-421E-8EDB-922B6BB66376}.Release|Any CPU.Build.0 = Release|Any CPU
		{4BF2D989-724C-421E-8EDB-922B6BB66376}.Release|x64.ActiveCfg = Release|Any CPU
		{4BF2D989-724C-421E-8EDB-922B6BB66376}.Release|x64.Build.0 = Release|Any CPU
		{4BF2D989-724C-421E-8EDB-922B6BB66376}.Release|x86.ActiveCfg = Release|Any CPU
		{4BF2D989-724C-421E-8EDB-922B6BB66376}.Release|x86.Build.0 = Release|Any CPU
		{8CD9E065-B28C-4A1D-B7BB-31BBBE3CC4F4}.Debug|Any CPU.ActiveCfg = Debug|Any CPU
		{8CD9E065-B28C-4A1D-B7BB-31BBBE3CC4F4}.Debug|Any CPU.Build.0 = Debug|Any CPU
		{8CD9E065-B28C-4A1D-B7BB-31BBBE3CC4F4}.Debug|x64.ActiveCfg = Debug|Any CPU
		{8CD9E065-B28C-4A1D-B7BB-31BBBE3CC4F4}.Debug|x64.Build.0 = Debug|Any CPU
		{8CD9E065-B28C-4A1D-B7BB-31BBBE3CC4F4}.Debug|x86.ActiveCfg = Debug|Any CPU
		{8CD9E065-B28C-4A1D-B7BB-31BBBE3CC4F4}.Debug|x86.Build.0 = Debug|Any CPU
		{8CD9E065-B28C-4A1D-B7BB-31BBBE3CC4F4}.Release|Any CPU.ActiveCfg = Release|Any CPU
		{8CD9E065-B28C-4A1D-B7BB-31BBBE3CC4F4}.Release|Any CPU.Build.0 = Release|Any CPU
		{8CD9E065-B28C-4A1D-B7BB-31BBBE3CC4F4}.Release|x64.ActiveCfg = Release|Any CPU
		{8CD9E065-B28C-4A1D-B7BB-31BBBE3CC4F4}.Release|x64.Build.0 = Release|Any CPU
		{8CD9E065-B28C-4A1D-B7BB-31BBBE3CC4F4}.Release|x86.ActiveCfg = Release|Any CPU
		{8CD9E065-B28C-4A1D-B7BB-31BBBE3CC4F4}.Release|x86.Build.0 = Release|Any CPU
		{ADE0EAA8-EDD1-463B-AAEC-3E410810BE08}.Debug|Any CPU.ActiveCfg = Debug|Any CPU
		{ADE0EAA8-EDD1-463B-AAEC-3E410810BE08}.Debug|Any CPU.Build.0 = Debug|Any CPU
		{ADE0EAA8-EDD1-463B-AAEC-3E410810BE08}.Debug|x64.ActiveCfg = Debug|x64
		{ADE0EAA8-EDD1-463B-AAEC-3E410810BE08}.Debug|x64.Build.0 = Debug|x64
		{ADE0EAA8-EDD1-463B-AAEC-3E410810BE08}.Debug|x86.ActiveCfg = Debug|x86
		{ADE0EAA8-EDD1-463B-AAEC-3E410810BE08}.Debug|x86.Build.0 = Debug|x86
		{ADE0EAA8-EDD1-463B-AAEC-3E410810BE08}.Release|Any CPU.ActiveCfg = Release|Any CPU
		{ADE0EAA8-EDD1-463B-AAEC-3E410810BE08}.Release|Any CPU.Build.0 = Release|Any CPU
		{ADE0EAA8-EDD1-463B-AAEC-3E410810BE08}.Release|x64.ActiveCfg = Release|x64
		{ADE0EAA8-EDD1-463B-AAEC-3E410810BE08}.Release|x64.Build.0 = Release|x64
		{ADE0EAA8-EDD1-463B-AAEC-3E410810BE08}.Release|x86.ActiveCfg = Release|x86
		{ADE0EAA8-EDD1-463B-AAEC-3E410810BE08}.Release|x86.Build.0 = Release|x86
		{5C28AC5E-4521-46CB-99EA-F760B668830C}.Debug|Any CPU.ActiveCfg = Debug|Any CPU
		{5C28AC5E-4521-46CB-99EA-F760B668830C}.Debug|Any CPU.Build.0 = Debug|Any CPU
		{5C28AC5E-4521-46CB-99EA-F760B668830C}.Debug|x64.ActiveCfg = Debug|Any CPU
		{5C28AC5E-4521-46CB-99EA-F760B668830C}.Debug|x64.Build.0 = Debug|Any CPU
		{5C28AC5E-4521-46CB-99EA-F760B668830C}.Debug|x86.ActiveCfg = Debug|Any CPU
		{5C28AC5E-4521-46CB-99EA-F760B668830C}.Debug|x86.Build.0 = Debug|Any CPU
		{5C28AC5E-4521-46CB-99EA-F760B668830C}.Release|Any CPU.ActiveCfg = Release|Any CPU
		{5C28AC5E-4521-46CB-99EA-F760B668830C}.Release|Any CPU.Build.0 = Release|Any CPU
		{5C28AC5E-4521-46CB-99EA-F760B668830C}.Release|x64.ActiveCfg = Release|Any CPU
		{5C28AC5E-4521-46CB-99EA-F760B668830C}.Release|x64.Build.0 = Release|Any CPU
		{5C28AC5E-4521-46CB-99EA-F760B668830C}.Release|x86.ActiveCfg = Release|Any CPU
		{5C28AC5E-4521-46CB-99EA-F760B668830C}.Release|x86.Build.0 = Release|Any CPU
	EndGlobalSection
	GlobalSection(SolutionProperties) = preSolution
		HideSolutionNode = FALSE
	EndGlobalSection
EndGlobal
